
Microsoft Visual Studio Solution File, Format Version 12.00
# Visual Studio Version 16
VisualStudioVersion = 16.0.29920.165
MinimumVisualStudioVersion = 10.0.40219.1
Project("{8BC9CEB8-8B4A-11D0-8D11-00A0C91BC942}") = "WavyTune", "WavyTune\WavyTune.vcxproj", "{7D32C37B-FE1D-48CE-B762-F46C45A845D4}"
EndProject
Project("{2150E333-8FDC-42A3-9474-1A3956D46DE8}") = "level0", "level0", "{28745635-EBC2-4EA7-9BE4-7C57EBB1A193}"
EndProject
Project("{8BC9CEB8-8B4A-11D0-8D11-00A0C91BC942}") = "DataStructures", "DataStructures\DataStructures.vcxproj", "{555FDCF6-D92D-4382-AB2A-8CBD46ABAAF0}"
EndProject
Project("{8BC9CEB8-8B4A-11D0-8D11-00A0C91BC942}") = "FileIO", "FileIO\FileIO.vcxproj", "{847EB486-5CC7-48EA-A51D-7ECA81E5E297}"
EndProject
Project("{8BC9CEB8-8B4A-11D0-8D11-00A0C91BC942}") = "Fourier", "Fourier\Fourier.vcxproj", "{D3F6A6DA-6545-4303-93B2-9A0999CF2D5B}"
EndProject
Project("{8BC9CEB8-8B4A-11D0-8D11-00A0C91BC942}") = "GLAbstractions", "GLAbstractions\GLAbstractions.vcxproj", "{179D2C1D-58A4-4728-8D32-9F79A119BC45}"
EndProject
Project("{8BC9CEB8-8B4A-11D0-8D11-00A0C91BC942}") = "Graphics", "Graphics\Graphics.vcxproj", "{39603E2D-4931-47F5-8993-A4DBB1B9C394}"
EndProject
Project("{2150E333-8FDC-42A3-9474-1A3956D46DE8}") = "level1", "level1", "{9CC4EC57-DC34-47AA-997F-CA42A71B1308}"
EndProject
Project("{8BC9CEB8-8B4A-11D0-8D11-00A0C91BC942}") = "Renderer", "Renderer\Renderer.vcxproj", "{FB399D9D-143F-4706-B958-C5E249489785}"
EndProject
Project("{8BC9CEB8-8B4A-11D0-8D11-00A0C91BC942}") = "Shaders", "Shaders\Shaders.vcxproj", "{7459C181-08FA-4F1F-A720-9874B75A6086}"
EndProject
Global
	GlobalSection(SolutionConfigurationPlatforms) = preSolution
		Debug|x64 = Debug|x64
		Debug|x86 = Debug|x86
		Release|x64 = Release|x64
		Release|x86 = Release|x86
	EndGlobalSection
	GlobalSection(ProjectConfigurationPlatforms) = postSolution
		{7D32C37B-FE1D-48CE-B762-F46C45A845D4}.Debug|x64.ActiveCfg = Debug|x64
		{7D32C37B-FE1D-48CE-B762-F46C45A845D4}.Debug|x64.Build.0 = Debug|x64
		{7D32C37B-FE1D-48CE-B762-F46C45A845D4}.Debug|x86.ActiveCfg = Debug|Win32
		{7D32C37B-FE1D-48CE-B762-F46C45A845D4}.Debug|x86.Build.0 = Debug|Win32
		{7D32C37B-FE1D-48CE-B762-F46C45A845D4}.Release|x64.ActiveCfg = Release|x64
		{7D32C37B-FE1D-48CE-B762-F46C45A845D4}.Release|x64.Build.0 = Release|x64
		{7D32C37B-FE1D-48CE-B762-F46C45A845D4}.Release|x86.ActiveCfg = Release|Win32
		{7D32C37B-FE1D-48CE-B762-F46C45A845D4}.Release|x86.Build.0 = Release|Win32
		{555FDCF6-D92D-4382-AB2A-8CBD46ABAAF0}.Debug|x64.ActiveCfg = Debug|x64
		{555FDCF6-D92D-4382-AB2A-8CBD46ABAAF0}.Debug|x64.Build.0 = Debug|x64
		{555FDCF6-D92D-4382-AB2A-8CBD46ABAAF0}.Debug|x86.ActiveCfg = Debug|Win32
		{555FDCF6-D92D-4382-AB2A-8CBD46ABAAF0}.Debug|x86.Build.0 = Debug|Win32
		{555FDCF6-D92D-4382-AB2A-8CBD46ABAAF0}.Release|x64.ActiveCfg = Release|x64
		{555FDCF6-D92D-4382-AB2A-8CBD46ABAAF0}.Release|x64.Build.0 = Release|x64
		{555FDCF6-D92D-4382-AB2A-8CBD46ABAAF0}.Release|x86.ActiveCfg = Release|Win32
		{555FDCF6-D92D-4382-AB2A-8CBD46ABAAF0}.Release|x86.Build.0 = Release|Win32
		{847EB486-5CC7-48EA-A51D-7ECA81E5E297}.Debug|x64.ActiveCfg = Debug|x64
		{847EB486-5CC7-48EA-A51D-7ECA81E5E297}.Debug|x64.Build.0 = Debug|x64
		{847EB486-5CC7-48EA-A51D-7ECA81E5E297}.Debug|x86.ActiveCfg = Debug|Win32
		{847EB486-5CC7-48EA-A51D-7ECA81E5E297}.Debug|x86.Build.0 = Debug|Win32
		{847EB486-5CC7-48EA-A51D-7ECA81E5E297}.Release|x64.ActiveCfg = Release|x64
		{847EB486-5CC7-48EA-A51D-7ECA81E5E297}.Release|x64.Build.0 = Release|x64
		{847EB486-5CC7-48EA-A51D-7ECA81E5E297}.Release|x86.ActiveCfg = Release|Win32
		{847EB486-5CC7-48EA-A51D-7ECA81E5E297}.Release|x86.Build.0 = Release|Win32
		{D3F6A6DA-6545-4303-93B2-9A0999CF2D5B}.Debug|x64.ActiveCfg = Debug|x64
		{D3F6A6DA-6545-4303-93B2-9A0999CF2D5B}.Debug|x64.Build.0 = Debug|x64
		{D3F6A6DA-6545-4303-93B2-9A0999CF2D5B}.Debug|x86.ActiveCfg = Debug|Win32
		{D3F6A6DA-6545-4303-93B2-9A0999CF2D5B}.Debug|x86.Build.0 = Debug|Win32
		{D3F6A6DA-6545-4303-93B2-9A0999CF2D5B}.Release|x64.ActiveCfg = Release|x64
		{D3F6A6DA-6545-4303-93B2-9A0999CF2D5B}.Release|x64.Build.0 = Release|x64
		{D3F6A6DA-6545-4303-93B2-9A0999CF2D5B}.Release|x86.ActiveCfg = Release|Win32
		{D3F6A6DA-6545-4303-93B2-9A0999CF2D5B}.Release|x86.Build.0 = Release|Win32
		{179D2C1D-58A4-4728-8D32-9F79A119BC45}.Debug|x64.ActiveCfg = Debug|x64
		{179D2C1D-58A4-4728-8D32-9F79A119BC45}.Debug|x64.Build.0 = Debug|x64
		{179D2C1D-58A4-4728-8D32-9F79A119BC45}.Debug|x86.ActiveCfg = Debug|Win32
		{179D2C1D-58A4-4728-8D32-9F79A119BC45}.Debug|x86.Build.0 = Debug|Win32
		{179D2C1D-58A4-4728-8D32-9F79A119BC45}.Release|x64.ActiveCfg = Release|x64
		{179D2C1D-58A4-4728-8D32-9F79A119BC45}.Release|x64.Build.0 = Release|x64
		{179D2C1D-58A4-4728-8D32-9F79A119BC45}.Release|x86.ActiveCfg = Release|Win32
		{179D2C1D-58A4-4728-8D32-9F79A119BC45}.Release|x86.Build.0 = Release|Win32
		{39603E2D-4931-47F5-8993-A4DBB1B9C394}.Debug|x64.ActiveCfg = Debug|x64
		{39603E2D-4931-47F5-8993-A4DBB1B9C394}.Debug|x64.Build.0 = Debug|x64
		{39603E2D-4931-47F5-8993-A4DBB1B9C394}.Debug|x86.ActiveCfg = Debug|Win32
		{39603E2D-4931-47F5-8993-A4DBB1B9C394}.Debug|x86.Build.0 = Debug|Win32
		{39603E2D-4931-47F5-8993-A4DBB1B9C394}.Release|x64.ActiveCfg = Release|x64
		{39603E2D-4931-47F5-8993-A4DBB1B9C394}.Release|x64.Build.0 = Release|x64
		{39603E2D-4931-47F5-8993-A4DBB1B9C394}.Release|x86.ActiveCfg = Release|Win32
		{39603E2D-4931-47F5-8993-A4DBB1B9C394}.Release|x86.Build.0 = Release|Win32
		{FB399D9D-143F-4706-B958-C5E249489785}.Debug|x64.ActiveCfg = Debug|x64
		{FB399D9D-143F-4706-B958-C5E249489785}.Debug|x64.Build.0 = Debug|x64
		{FB399D9D-143F-4706-B958-C5E249489785}.Debug|x86.ActiveCfg = Debug|Win32
		{FB399D9D-143F-4706-B958-C5E249489785}.Debug|x86.Build.0 = Debug|Win32
		{FB399D9D-143F-4706-B958-C5E249489785}.Release|x64.ActiveCfg = Release|x64
		{FB399D9D-143F-4706-B958-C5E249489785}.Release|x64.Build.0 = Release|x64
		{FB399D9D-143F-4706-B958-C5E249489785}.Release|x86.ActiveCfg = Release|Win32
		{FB399D9D-143F-4706-B958-C5E249489785}.Release|x86.Build.0 = Release|Win32
		{7459C181-08FA-4F1F-A720-9874B75A6086}.Debug|x64.ActiveCfg = Debug|x64
		{7459C181-08FA-4F1F-A720-9874B75A6086}.Debug|x64.Build.0 = Debug|x64
		{7459C181-08FA-4F1F-A720-9874B75A6086}.Debug|x86.ActiveCfg = Debug|Win32
		{7459C181-08FA-4F1F-A720-9874B75A6086}.Debug|x86.Build.0 = Debug|Win32
		{7459C181-08FA-4F1F-A720-9874B75A6086}.Release|x64.ActiveCfg = Release|x64
		{7459C181-08FA-4F1F-A720-9874B75A6086}.Release|x64.Build.0 = Release|x64
		{7459C181-08FA-4F1F-A720-9874B75A6086}.Release|x86.ActiveCfg = Release|Win32
		{7459C181-08FA-4F1F-A720-9874B75A6086}.Release|x86.Build.0 = Release|Win32
	EndGlobalSection
	GlobalSection(SolutionProperties) = preSolution
		HideSolutionNode = FALSE
	EndGlobalSection
	GlobalSection(NestedProjects) = preSolution
		{555FDCF6-D92D-4382-AB2A-8CBD46ABAAF0} = {28745635-EBC2-4EA7-9BE4-7C57EBB1A193}
		{847EB486-5CC7-48EA-A51D-7ECA81E5E297} = {28745635-EBC2-4EA7-9BE4-7C57EBB1A193}
		{D3F6A6DA-6545-4303-93B2-9A0999CF2D5B} = {28745635-EBC2-4EA7-9BE4-7C57EBB1A193}
		{179D2C1D-58A4-4728-8D32-9F79A119BC45} = {28745635-EBC2-4EA7-9BE4-7C57EBB1A193}
		{39603E2D-4931-47F5-8993-A4DBB1B9C394} = {28745635-EBC2-4EA7-9BE4-7C57EBB1A193}
		{FB399D9D-143F-4706-B958-C5E249489785} = {9CC4EC57-DC34-47AA-997F-CA42A71B1308}
		{7459C181-08FA-4F1F-A720-9874B75A6086} = {9CC4EC57-DC34-47AA-997F-CA42A71B1308}
	EndGlobalSection
	GlobalSection(ExtensibilityGlobals) = postSolution
		SolutionGuid = {F6C946B0-9D85-484B-8324-F4C02C611BFD}
	EndGlobalSection
EndGlobal
